
Microsoft Visual Studio Solution File, Format Version 12.00
# Visual Studio 15
VisualStudioVersion = 15.0.28307.271
MinimumVisualStudioVersion = 10.0.40219.1
Project("{2150E333-8FDC-42A3-9474-1A3956D46DE8}") = "1.HelloWorld", "1.HelloWorld", "{7D29A2F0-3F9C-4778-A158-E6FFDE1F13C4}"
EndProject
Project("{FAE04EC0-301F-11D3-BF4B-00C04F79EFBC}") = "HelloWorld", "HelloWorld\HelloWorld.csproj", "{BEE598C6-5A0C-4C16-9B20-960DC9E318BD}"
EndProject
Project("{2150E333-8FDC-42A3-9474-1A3956D46DE8}") = "2.RegionDemo", "2.RegionDemo", "{20DC3A46-96A5-4A29-A247-BCA5E7BE59B0}"
EndProject
Project("{FAE04EC0-301F-11D3-BF4B-00C04F79EFBC}") = "RegionDemo", "RegionDemo\RegionDemo.csproj", "{FF706D7E-2D3D-496F-8B2B-0D36419386A1}"
EndProject
Project("{FAE04EC0-301F-11D3-BF4B-00C04F79EFBC}") = "ModuleA", "ModuleA\ModuleA.csproj", "{051A7286-4CAE-4184-A4AA-1BD96102CB9D}"
EndProject
Project("{2150E333-8FDC-42A3-9474-1A3956D46DE8}") = "3.RegionAdapterDemo", "3.RegionAdapterDemo", "{317A9906-D351-4335-BA06-4C3FC6AFBDC7}"
EndProject
Project("{FAE04EC0-301F-11D3-BF4B-00C04F79EFBC}") = "ModuleB", "ModuleB\ModuleB.csproj", "{D650073E-8106-447C-8CBC-F9276A03F1FB}"
EndProject
Project("{FAE04EC0-301F-11D3-BF4B-00C04F79EFBC}") = "TheShell", "TheShell\TheShell.csproj", "{9A7CBBC1-A254-498B-88A6-F6356B091B5A}"
EndProject
Global
	GlobalSection(SolutionConfigurationPlatforms) = preSolution
		Debug|Any CPU = Debug|Any CPU
		Release|Any CPU = Release|Any CPU
	EndGlobalSection
	GlobalSection(ProjectConfigurationPlatforms) = postSolution
		{BEE598C6-5A0C-4C16-9B20-960DC9E318BD}.Debug|Any CPU.ActiveCfg = Debug|Any CPU
		{BEE598C6-5A0C-4C16-9B20-960DC9E318BD}.Debug|Any CPU.Build.0 = Debug|Any CPU
		{BEE598C6-5A0C-4C16-9B20-960DC9E318BD}.Release|Any CPU.ActiveCfg = Release|Any CPU
		{BEE598C6-5A0C-4C16-9B20-960DC9E318BD}.Release|Any CPU.Build.0 = Release|Any CPU
		{FF706D7E-2D3D-496F-8B2B-0D36419386A1}.Debug|Any CPU.ActiveCfg = Debug|Any CPU
		{FF706D7E-2D3D-496F-8B2B-0D36419386A1}.Debug|Any CPU.Build.0 = Debug|Any CPU
		{FF706D7E-2D3D-496F-8B2B-0D36419386A1}.Release|Any CPU.ActiveCfg = Release|Any CPU
		{FF706D7E-2D3D-496F-8B2B-0D36419386A1}.Release|Any CPU.Build.0 = Release|Any CPU
		{051A7286-4CAE-4184-A4AA-1BD96102CB9D}.Debug|Any CPU.ActiveCfg = Debug|Any CPU
		{051A7286-4CAE-4184-A4AA-1BD96102CB9D}.Debug|Any CPU.Build.0 = Debug|Any CPU
		{051A7286-4CAE-4184-A4AA-1BD96102CB9D}.Release|Any CPU.ActiveCfg = Release|Any CPU
		{051A7286-4CAE-4184-A4AA-1BD96102CB9D}.Release|Any CPU.Build.0 = Release|Any CPU
		{D650073E-8106-447C-8CBC-F9276A03F1FB}.Debug|Any CPU.ActiveCfg = Debug|Any CPU
		{D650073E-8106-447C-8CBC-F9276A03F1FB}.Debug|Any CPU.Build.0 = Debug|Any CPU
		{D650073E-8106-447C-8CBC-F9276A03F1FB}.Release|Any CPU.ActiveCfg = Release|Any CPU
		{D650073E-8106-447C-8CBC-F9276A03F1FB}.Release|Any CPU.Build.0 = Release|Any CPU
		{9A7CBBC1-A254-498B-88A6-F6356B091B5A}.Debug|Any CPU.ActiveCfg = Debug|Any CPU
		{9A7CBBC1-A254-498B-88A6-F6356B091B5A}.Debug|Any CPU.Build.0 = Debug|Any CPU
		{9A7CBBC1-A254-498B-88A6-F6356B091B5A}.Release|Any CPU.ActiveCfg = Release|Any CPU
		{9A7CBBC1-A254-498B-88A6-F6356B091B5A}.Release|Any CPU.Build.0 = Release|Any CPU
	EndGlobalSection
	GlobalSection(SolutionProperties) = preSolution
		HideSolutionNode = FALSE
	EndGlobalSection
	GlobalSection(NestedProjects) = preSolution
		{BEE598C6-5A0C-4C16-9B20-960DC9E318BD} = {7D29A2F0-3F9C-4778-A158-E6FFDE1F13C4}
		{FF706D7E-2D3D-496F-8B2B-0D36419386A1} = {20DC3A46-96A5-4A29-A247-BCA5E7BE59B0}
		{051A7286-4CAE-4184-A4AA-1BD96102CB9D} = {20DC3A46-96A5-4A29-A247-BCA5E7BE59B0}
		{D650073E-8106-447C-8CBC-F9276A03F1FB} = {317A9906-D351-4335-BA06-4C3FC6AFBDC7}
		{9A7CBBC1-A254-498B-88A6-F6356B091B5A} = {317A9906-D351-4335-BA06-4C3FC6AFBDC7}
	EndGlobalSection
	GlobalSection(ExtensibilityGlobals) = postSolution
		SolutionGuid = {713C98F8-A9C4-47A4-8F9E-BA66D61B4BD4}
	EndGlobalSection
EndGlobal
