
Microsoft Visual Studio Solution File, Format Version 12.00
# Visual Studio 15
VisualStudioVersion = 15.0.28307.271
MinimumVisualStudioVersion = 10.0.40219.1
Project("{2150E333-8FDC-42A3-9474-1A3956D46DE8}") = "1.HelloWorld", "1.HelloWorld", "{7D29A2F0-3F9C-4778-A158-E6FFDE1F13C4}"
EndProject
Project("{FAE04EC0-301F-11D3-BF4B-00C04F79EFBC}") = "HelloWorld", "HelloWorld\HelloWorld.csproj", "{BEE598C6-5A0C-4C16-9B20-960DC9E318BD}"
EndProject
Global
	GlobalSection(SolutionConfigurationPlatforms) = preSolution
		Debug|Any CPU = Debug|Any CPU
		Release|Any CPU = Release|Any CPU
	EndGlobalSection
	GlobalSection(ProjectConfigurationPlatforms) = postSolution
		{BEE598C6-5A0C-4C16-9B20-960DC9E318BD}.Debug|Any CPU.ActiveCfg = Debug|Any CPU
		{BEE598C6-5A0C-4C16-9B20-960DC9E318BD}.Debug|Any CPU.Build.0 = Debug|Any CPU
		{BEE598C6-5A0C-4C16-9B20-960DC9E318BD}.Release|Any CPU.ActiveCfg = Release|Any CPU
		{BEE598C6-5A0C-4C16-9B20-960DC9E318BD}.Release|Any CPU.Build.0 = Release|Any CPU
	EndGlobalSection
	GlobalSection(SolutionProperties) = preSolution
		HideSolutionNode = FALSE
	EndGlobalSection
	GlobalSection(NestedProjects) = preSolution
		{BEE598C6-5A0C-4C16-9B20-960DC9E318BD} = {7D29A2F0-3F9C-4778-A158-E6FFDE1F13C4}
	EndGlobalSection
	GlobalSection(ExtensibilityGlobals) = postSolution
		SolutionGuid = {713C98F8-A9C4-47A4-8F9E-BA66D61B4BD4}
	EndGlobalSection
EndGlobal
